
Microsoft Visual Studio Solution File, Format Version 12.00
# Visual Studio Version 16
VisualStudioVersion = 16.0.30611.23
MinimumVisualStudioVersion = 10.0.40219.1
Project("{FAE04EC0-301F-11D3-BF4B-00C04F79EFBC}") = "ConsoleAppDeleteExclude", "ConsoleAppDeleteExclude\ConsoleAppDeleteExclude.csproj", "{B89184C8-50F0-40D9-A6CE-0FC47D85799E}"
EndProject
Global
	GlobalSection(SolutionConfigurationPlatforms) = preSolution
		Debug|Any CPU = Debug|Any CPU
		Release|Any CPU = Release|Any CPU
	EndGlobalSection
	GlobalSection(ProjectConfigurationPlatforms) = postSolution
		{B89184C8-50F0-40D9-A6CE-0FC47D85799E}.Debug|Any CPU.ActiveCfg = Debug|Any CPU
		{B89184C8-50F0-40D9-A6CE-0FC47D85799E}.Debug|Any CPU.Build.0 = Debug|Any CPU
		{B89184C8-50F0-40D9-A6CE-0FC47D85799E}.Release|Any CPU.ActiveCfg = Release|Any CPU
		{B89184C8-50F0-40D9-A6CE-0FC47D85799E}.Release|Any CPU.Build.0 = Release|Any CPU
	EndGlobalSection
	GlobalSection(SolutionProperties) = preSolution
		HideSolutionNode = FALSE
	EndGlobalSection
	GlobalSection(ExtensibilityGlobals) = postSolution
		SolutionGuid = {24817796-8F7F-4711-8AD8-74B479C03F2E}
	EndGlobalSection
EndGlobal
